
Microsoft Visual Studio Solution File, Format Version 12.00
# Visual Studio 2012
Project("{FAE04EC0-301F-11D3-BF4B-00C04F79EFBC}") = "Observable", "Observable\Observable.csproj", "{C5D9C9A0-DFF4-4403-841B-90CD1B3D03DD}"
EndProject
Project("{FAE04EC0-301F-11D3-BF4B-00C04F79EFBC}") = "Reactive", "Reactive\Reactive.csproj", "{FC60B6F2-387E-40F4-B72D-1F9A6148243A}"
EndProject
Project("{2150E333-8FDC-42A3-9474-1A3956D46DE8}") = ".nuget", ".nuget", "{C112BFEA-09A6-4465-AEE4-DBAD0D0A0494}"
	ProjectSection(SolutionItems) = preProject
		.nuget\NuGet.Config = .nuget\NuGet.Config
		.nuget\NuGet.exe = .nuget\NuGet.exe
		.nuget\NuGet.targets = .nuget\NuGet.targets
	EndProjectSection
EndProject
Project("{7CF6DF6D-3B04-46F8-A40B-537D21BCA0B4}") = "Documentation", "Documentation\Documentation.shfbproj", "{8D6D604D-435E-4616-B519-94887212D754}"
EndProject
Project("{FAE04EC0-301F-11D3-BF4B-00C04F79EFBC}") = "Observable.Tests", "Observable.Tests\Observable.Tests.csproj", "{3B8FAEC7-0290-4207-BD68-0FA3F27C2420}"
EndProject
Project("{FAE04EC0-301F-11D3-BF4B-00C04F79EFBC}") = "Common", "Common\Common.csproj", "{083F17D2-F34C-461B-9D59-F94CD8FDE10F}"
EndProject
Global
	GlobalSection(SolutionConfigurationPlatforms) = preSolution
		Debug|Any CPU = Debug|Any CPU
		Release|Any CPU = Release|Any CPU
	EndGlobalSection
	GlobalSection(ProjectConfigurationPlatforms) = postSolution
		{C5D9C9A0-DFF4-4403-841B-90CD1B3D03DD}.Debug|Any CPU.ActiveCfg = Debug|Any CPU
		{C5D9C9A0-DFF4-4403-841B-90CD1B3D03DD}.Debug|Any CPU.Build.0 = Debug|Any CPU
		{C5D9C9A0-DFF4-4403-841B-90CD1B3D03DD}.Release|Any CPU.ActiveCfg = Release|Any CPU
		{C5D9C9A0-DFF4-4403-841B-90CD1B3D03DD}.Release|Any CPU.Build.0 = Release|Any CPU
		{FC60B6F2-387E-40F4-B72D-1F9A6148243A}.Debug|Any CPU.ActiveCfg = Debug|Any CPU
		{FC60B6F2-387E-40F4-B72D-1F9A6148243A}.Debug|Any CPU.Build.0 = Debug|Any CPU
		{FC60B6F2-387E-40F4-B72D-1F9A6148243A}.Release|Any CPU.ActiveCfg = Release|Any CPU
		{FC60B6F2-387E-40F4-B72D-1F9A6148243A}.Release|Any CPU.Build.0 = Release|Any CPU
		{8D6D604D-435E-4616-B519-94887212D754}.Debug|Any CPU.ActiveCfg = Debug|Any CPU
		{8D6D604D-435E-4616-B519-94887212D754}.Debug|Any CPU.Build.0 = Debug|Any CPU
		{8D6D604D-435E-4616-B519-94887212D754}.Release|Any CPU.ActiveCfg = Release|Any CPU
		{8D6D604D-435E-4616-B519-94887212D754}.Release|Any CPU.Build.0 = Release|Any CPU
		{3B8FAEC7-0290-4207-BD68-0FA3F27C2420}.Debug|Any CPU.ActiveCfg = Debug|Any CPU
		{3B8FAEC7-0290-4207-BD68-0FA3F27C2420}.Debug|Any CPU.Build.0 = Debug|Any CPU
		{3B8FAEC7-0290-4207-BD68-0FA3F27C2420}.Release|Any CPU.ActiveCfg = Release|Any CPU
		{3B8FAEC7-0290-4207-BD68-0FA3F27C2420}.Release|Any CPU.Build.0 = Release|Any CPU
		{083F17D2-F34C-461B-9D59-F94CD8FDE10F}.Debug|Any CPU.ActiveCfg = Debug|Any CPU
		{083F17D2-F34C-461B-9D59-F94CD8FDE10F}.Debug|Any CPU.Build.0 = Debug|Any CPU
		{083F17D2-F34C-461B-9D59-F94CD8FDE10F}.Release|Any CPU.ActiveCfg = Release|Any CPU
		{083F17D2-F34C-461B-9D59-F94CD8FDE10F}.Release|Any CPU.Build.0 = Release|Any CPU
	EndGlobalSection
	GlobalSection(SolutionProperties) = preSolution
		HideSolutionNode = FALSE
	EndGlobalSection
EndGlobal
